PODS:
  - AFViewShaker (0.0.5)
  - Alamofire (4.2.0)
  - DAOSearchBar (1.0.4)
  - GoogleMaps (2.3.1):
    - GoogleMaps/Maps (= 2.3.1)
  - GoogleMaps/Base (2.3.1)
  - GoogleMaps/Maps (2.3.1):
    - GoogleMaps/Base
  - GooglePlaces (2.3.1):
    - GoogleMaps/Base (= 2.3.1)
  - HCSStarRatingView (1.5)
  - KLCPopup (1.0)
  - MBProgressHUD (1.0.0)
  - MIBadgeButton-Swift (0.5)
  - Socket.IO-Client-Swift (11.1.3):
    - StarscreamSocketIO (~> 8.0.5)
  - StarscreamSocketIO (8.0.7)
  - SWRevealViewController (2.3.0)
  - TagListView (1.2.0)
  - TPKeyboardAvoiding (1.3.1)

DEPENDENCIES:
  - AFViewShaker
  - Alamofire (~> 4.2.0)
  - DAOSearchBar
  - GoogleMaps
  - GooglePlaces
  - HCSStarRatingView
  - KLCPopup
  - MBProgressHUD
  - MIBadgeButton-Swift (from `https://github.com/mustafaibrahim989/MIBadgeButton-Swift.git`, branch `master`)
  - Socket.IO-Client-Swift
  - SWRevealViewController
  - TagListView (~> 1.0)
  - TPKeyboardAvoiding

EXTERNAL SOURCES:
  MIBadgeButton-Swift:
    :branch: master
    :git: https://github.com/mustafaibrahim989/MIBadgeButton-Swift.git

CHECKOUT OPTIONS:
  MIBadgeButton-Swift:
    :commit: 3c2638d2e6e46ec2e6dd978d8ada8863df3df5e6
    :git: https://github.com/mustafaibrahim989/MIBadgeButton-Swift.git

SPEC CHECKSUMS:
  AFViewShaker: fc201fa4c0030e3f4875b9f84ac0763828518b00
  Alamofire: aa2e09d871c9160ac53c90e83c68064a94e3dfbe
  DAOSearchBar: b1f2024c2e7ca776ae67f70170f0c5b8f9c427a1
  GoogleMaps: c66a71058b9b1294bcdd5463a68e357fa50c079f
  GooglePlaces: 4a7b22debfa1af65017b82943431822607e45201
  HCSStarRatingView: 1d18f79654735514cd6f00e6d90e38cb6320dc31
  KLCPopup: 76c5a19227977f1e53d85236f9ef42257c168d98
  MBProgressHUD: 4890f671c94e8a0f3cf959aa731e9de2f036d71a
  MIBadgeButton-Swift: 9e57309b00b168d75ca8fecb45bc75124a8ffddf
  Socket.IO-Client-Swift: b8e59ddc16bc3609ca2f49a4b50253f095d535c8
  StarscreamSocketIO: 00b54e4208481ca5cef089545353aaf126bae16d
  SWRevealViewController: 6d3fd97f70112fd7cef9de14df4260eacce4c63a
  TagListView: 999e1df50c0f6b9ca927fae705c86a7e3b6ee9ba
  TPKeyboardAvoiding: 0d6af20e95e2850f4c621841225b59ec7d8dd852

PODFILE CHECKSUM: 1fa643f5e8f373840a7790b97bfea41fcb5a51b1

COCOAPODS: 1.2.1
